
Microsoft Visual Studio Solution File, Format Version 12.00
# Visual Studio Version 17
VisualStudioVersion = 17.10.34916.146
MinimumVisualStudioVersion = 10.0.40219.1
Project("{FAE04EC0-301F-11D3-BF4B-00C04F79EFBC}") = "SistemaContabilidadAltosDelAbejonal", "SistemaContabilidadAltosDelAbejonal.csproj", "{5D1458EA-E01B-4781-9B45-759F17E98232}"
EndProject
Global
	GlobalSection(SolutionConfigurationPlatforms) = preSolution
		Debug|Any CPU = Debug|Any CPU
		Release|Any CPU = Release|Any CPU
	EndGlobalSection
	GlobalSection(ProjectConfigurationPlatforms) = postSolution
		{5D1458EA-E01B-4781-9B45-759F17E98232}.Debug|Any CPU.ActiveCfg = Debug|Any CPU
		{5D1458EA-E01B-4781-9B45-759F17E98232}.Debug|Any CPU.Build.0 = Debug|Any CPU
		{5D1458EA-E01B-4781-9B45-759F17E98232}.Release|Any CPU.ActiveCfg = Release|Any CPU
		{5D1458EA-E01B-4781-9B45-759F17E98232}.Release|Any CPU.Build.0 = Release|Any CPU
	EndGlobalSection
	GlobalSection(SolutionProperties) = preSolution
		HideSolutionNode = FALSE
	EndGlobalSection
	GlobalSection(ExtensibilityGlobals) = postSolution
		SolutionGuid = {89205CB9-A644-4935-9032-17AEE3A32B05}
	EndGlobalSection
EndGlobal
